
Microsoft Visual Studio Solution File, Format Version 11.00
# Visual Studio 2010
Project("{FAE04EC0-301F-11D3-BF4B-00C04F79EFBC}") = "Assembly-CSharp", "Assembly-CSharp.csproj", "{083181E7-035D-A6B1-51F5-A32BD509281F}"
EndProject
Project("{FAE04EC0-301F-11D3-BF4B-00C04F79EFBC}") = "Oculus.VR", "Oculus.VR.csproj", "{F1D6B796-12A6-F22C-8333-022C36032C41}"
EndProject
Project("{FAE04EC0-301F-11D3-BF4B-00C04F79EFBC}") = "Assembly-CSharp-Editor", "Assembly-CSharp-Editor.csproj", "{D2AB0D4F-CFA7-0211-8329-96FD5A8D51F3}"
EndProject
Project("{FAE04EC0-301F-11D3-BF4B-00C04F79EFBC}") = "Oculus.VR.Scripts.Editor", "Oculus.VR.Scripts.Editor.csproj", "{BE935C37-03FB-8FB0-CCEF-5A07562F6EE7}"
EndProject
Project("{FAE04EC0-301F-11D3-BF4B-00C04F79EFBC}") = "Oculus.VR.Editor", "Oculus.VR.Editor.csproj", "{9932B400-3ACB-B7BA-00C0-419A35852DBC}"
EndProject
Global
	GlobalSection(SolutionConfigurationPlatforms) = preSolution
		Debug|Any CPU = Debug|Any CPU
		Release|Any CPU = Release|Any CPU
	EndGlobalSection
	GlobalSection(ProjectConfigurationPlatforms) = postSolution
		{083181E7-035D-A6B1-51F5-A32BD509281F}.Debug|Any CPU.ActiveCfg = Debug|Any CPU
		{083181E7-035D-A6B1-51F5-A32BD509281F}.Debug|Any CPU.Build.0 = Debug|Any CPU
		{083181E7-035D-A6B1-51F5-A32BD509281F}.Release|Any CPU.ActiveCfg = Release|Any CPU
		{083181E7-035D-A6B1-51F5-A32BD509281F}.Release|Any CPU.Build.0 = Release|Any CPU
		{F1D6B796-12A6-F22C-8333-022C36032C41}.Debug|Any CPU.ActiveCfg = Debug|Any CPU
		{F1D6B796-12A6-F22C-8333-022C36032C41}.Debug|Any CPU.Build.0 = Debug|Any CPU
		{F1D6B796-12A6-F22C-8333-022C36032C41}.Release|Any CPU.ActiveCfg = Release|Any CPU
		{F1D6B796-12A6-F22C-8333-022C36032C41}.Release|Any CPU.Build.0 = Release|Any CPU
		{D2AB0D4F-CFA7-0211-8329-96FD5A8D51F3}.Debug|Any CPU.ActiveCfg = Debug|Any CPU
		{D2AB0D4F-CFA7-0211-8329-96FD5A8D51F3}.Debug|Any CPU.Build.0 = Debug|Any CPU
		{D2AB0D4F-CFA7-0211-8329-96FD5A8D51F3}.Release|Any CPU.ActiveCfg = Release|Any CPU
		{D2AB0D4F-CFA7-0211-8329-96FD5A8D51F3}.Release|Any CPU.Build.0 = Release|Any CPU
		{BE935C37-03FB-8FB0-CCEF-5A07562F6EE7}.Debug|Any CPU.ActiveCfg = Debug|Any CPU
		{BE935C37-03FB-8FB0-CCEF-5A07562F6EE7}.Debug|Any CPU.Build.0 = Debug|Any CPU
		{BE935C37-03FB-8FB0-CCEF-5A07562F6EE7}.Release|Any CPU.ActiveCfg = Release|Any CPU
		{BE935C37-03FB-8FB0-CCEF-5A07562F6EE7}.Release|Any CPU.Build.0 = Release|Any CPU
		{9932B400-3ACB-B7BA-00C0-419A35852DBC}.Debug|Any CPU.ActiveCfg = Debug|Any CPU
		{9932B400-3ACB-B7BA-00C0-419A35852DBC}.Debug|Any CPU.Build.0 = Debug|Any CPU
		{9932B400-3ACB-B7BA-00C0-419A35852DBC}.Release|Any CPU.ActiveCfg = Release|Any CPU
		{9932B400-3ACB-B7BA-00C0-419A35852DBC}.Release|Any CPU.Build.0 = Release|Any CPU
	EndGlobalSection
	GlobalSection(SolutionProperties) = preSolution
		HideSolutionNode = FALSE
	EndGlobalSection
	GlobalSection(MonoDevelopProperties) = preSolution
		StartupItem = Assembly-CSharp.csproj
	EndGlobalSection
EndGlobal
