
Microsoft Visual Studio Solution File, Format Version 12.00
# Visual Studio 2015
Project("{FAE04EC0-301F-11D3-BF4B-00C04F79EFBC}") = "otro 8888.CSharp.Plugins", "otro 8888.CSharp.Plugins.csproj", "{7CB18A6D-6F78-2863-7983-71FC7D2CFA7B}"
EndProject
Project("{FAE04EC0-301F-11D3-BF4B-00C04F79EFBC}") = "otro 8888.CSharp", "otro 8888.CSharp.csproj", "{5E9D6240-0DB9-8102-64B3-D0D37799F3BF}"
EndProject
Project("{FAE04EC0-301F-11D3-BF4B-00C04F79EFBC}") = "otro 8888.CSharp.Editor", "otro 8888.CSharp.Editor.csproj", "{347888C6-4CDC-08DD-2048-F20487CCF429}"
EndProject
Global
	GlobalSection(SolutionConfigurationPlatforms) = preSolution
		Debug|Any CPU = Debug|Any CPU
		Release|Any CPU = Release|Any CPU
	EndGlobalSection
	GlobalSection(ProjectConfigurationPlatforms) = postSolution
		{7CB18A6D-6F78-2863-7983-71FC7D2CFA7B}.Debug|Any CPU.ActiveCfg = Debug|Any CPU
		{7CB18A6D-6F78-2863-7983-71FC7D2CFA7B}.Debug|Any CPU.Build.0 = Debug|Any CPU
		{7CB18A6D-6F78-2863-7983-71FC7D2CFA7B}.Release|Any CPU.ActiveCfg = Release|Any CPU
		{7CB18A6D-6F78-2863-7983-71FC7D2CFA7B}.Release|Any CPU.Build.0 = Release|Any CPU
		{5E9D6240-0DB9-8102-64B3-D0D37799F3BF}.Debug|Any CPU.ActiveCfg = Debug|Any CPU
		{5E9D6240-0DB9-8102-64B3-D0D37799F3BF}.Debug|Any CPU.Build.0 = Debug|Any CPU
		{5E9D6240-0DB9-8102-64B3-D0D37799F3BF}.Release|Any CPU.ActiveCfg = Release|Any CPU
		{5E9D6240-0DB9-8102-64B3-D0D37799F3BF}.Release|Any CPU.Build.0 = Release|Any CPU
		{347888C6-4CDC-08DD-2048-F20487CCF429}.Debug|Any CPU.ActiveCfg = Debug|Any CPU
		{347888C6-4CDC-08DD-2048-F20487CCF429}.Debug|Any CPU.Build.0 = Debug|Any CPU
		{347888C6-4CDC-08DD-2048-F20487CCF429}.Release|Any CPU.ActiveCfg = Release|Any CPU
		{347888C6-4CDC-08DD-2048-F20487CCF429}.Release|Any CPU.Build.0 = Release|Any CPU
	EndGlobalSection
	GlobalSection(SolutionProperties) = preSolution
		HideSolutionNode = FALSE
	EndGlobalSection
EndGlobal
