
Microsoft Visual Studio Solution File, Format Version 11.00
# Visual Studio 2010
Project("{FAE04EC0-301F-11D3-BF4B-00C04F79EFBC}") = "Assembly-CSharp", "Assembly-CSharp.csproj", "{4BDE285D-6255-31DD-892D-5E317A962147}"
EndProject
Project("{FAE04EC0-301F-11D3-BF4B-00C04F79EFBC}") = "Oculus.VR", "Oculus.VR.csproj", "{713DAE75-5984-568D-FD89-F96A5CDF040A}"
EndProject
Project("{FAE04EC0-301F-11D3-BF4B-00C04F79EFBC}") = "Assembly-CSharp-Editor", "Assembly-CSharp-Editor.csproj", "{C2EC4A36-AE41-1C3F-EF36-E0570A5E389A}"
EndProject
Project("{FAE04EC0-301F-11D3-BF4B-00C04F79EFBC}") = "Oculus.VR.Scripts.Editor", "Oculus.VR.Scripts.Editor.csproj", "{FE1C0363-5195-49AC-5F91-D9E1B6C4F262}"
EndProject
Project("{FAE04EC0-301F-11D3-BF4B-00C04F79EFBC}") = "Oculus.VR.Editor", "Oculus.VR.Editor.csproj", "{A5ED4141-1C50-355B-3FB3-7F2F11C04736}"
EndProject
Global
	GlobalSection(SolutionConfigurationPlatforms) = preSolution
		Debug|Any CPU = Debug|Any CPU
		Release|Any CPU = Release|Any CPU
	EndGlobalSection
	GlobalSection(ProjectConfigurationPlatforms) = postSolution
		{4BDE285D-6255-31DD-892D-5E317A962147}.Debug|Any CPU.ActiveCfg = Debug|Any CPU
		{4BDE285D-6255-31DD-892D-5E317A962147}.Debug|Any CPU.Build.0 = Debug|Any CPU
		{4BDE285D-6255-31DD-892D-5E317A962147}.Release|Any CPU.ActiveCfg = Release|Any CPU
		{4BDE285D-6255-31DD-892D-5E317A962147}.Release|Any CPU.Build.0 = Release|Any CPU
		{713DAE75-5984-568D-FD89-F96A5CDF040A}.Debug|Any CPU.ActiveCfg = Debug|Any CPU
		{713DAE75-5984-568D-FD89-F96A5CDF040A}.Debug|Any CPU.Build.0 = Debug|Any CPU
		{713DAE75-5984-568D-FD89-F96A5CDF040A}.Release|Any CPU.ActiveCfg = Release|Any CPU
		{713DAE75-5984-568D-FD89-F96A5CDF040A}.Release|Any CPU.Build.0 = Release|Any CPU
		{C2EC4A36-AE41-1C3F-EF36-E0570A5E389A}.Debug|Any CPU.ActiveCfg = Debug|Any CPU
		{C2EC4A36-AE41-1C3F-EF36-E0570A5E389A}.Debug|Any CPU.Build.0 = Debug|Any CPU
		{C2EC4A36-AE41-1C3F-EF36-E0570A5E389A}.Release|Any CPU.ActiveCfg = Release|Any CPU
		{C2EC4A36-AE41-1C3F-EF36-E0570A5E389A}.Release|Any CPU.Build.0 = Release|Any CPU
		{FE1C0363-5195-49AC-5F91-D9E1B6C4F262}.Debug|Any CPU.ActiveCfg = Debug|Any CPU
		{FE1C0363-5195-49AC-5F91-D9E1B6C4F262}.Debug|Any CPU.Build.0 = Debug|Any CPU
		{FE1C0363-5195-49AC-5F91-D9E1B6C4F262}.Release|Any CPU.ActiveCfg = Release|Any CPU
		{FE1C0363-5195-49AC-5F91-D9E1B6C4F262}.Release|Any CPU.Build.0 = Release|Any CPU
		{A5ED4141-1C50-355B-3FB3-7F2F11C04736}.Debug|Any CPU.ActiveCfg = Debug|Any CPU
		{A5ED4141-1C50-355B-3FB3-7F2F11C04736}.Debug|Any CPU.Build.0 = Debug|Any CPU
		{A5ED4141-1C50-355B-3FB3-7F2F11C04736}.Release|Any CPU.ActiveCfg = Release|Any CPU
		{A5ED4141-1C50-355B-3FB3-7F2F11C04736}.Release|Any CPU.Build.0 = Release|Any CPU
	EndGlobalSection
	GlobalSection(SolutionProperties) = preSolution
		HideSolutionNode = FALSE
	EndGlobalSection
	GlobalSection(MonoDevelopProperties) = preSolution
		StartupItem = Assembly-CSharp.csproj
	EndGlobalSection
EndGlobal
